
Microsoft Visual Studio Solution File, Format Version 12.00
# Visual Studio Version 16
VisualStudioVersion = 16.0.31729.503
MinimumVisualStudioVersion = 10.0.40219.1
Project("{9A19103F-16F7-4668-BE54-9A1E7A4F7556}") = "BRS.Test2", "BRS.Test2\BRS.Test2.csproj", "{C78C7DDB-DF70-4522-906A-90ABD54FAFBE}"
EndProject
Global
	GlobalSection(SolutionConfigurationPlatforms) = preSolution
		Debug|Any CPU = Debug|Any CPU
		Release|Any CPU = Release|Any CPU
	EndGlobalSection
	GlobalSection(ProjectConfigurationPlatforms) = postSolution
		{C78C7DDB-DF70-4522-906A-90ABD54FAFBE}.Debug|Any CPU.ActiveCfg = Debug|Any CPU
		{C78C7DDB-DF70-4522-906A-90ABD54FAFBE}.Debug|Any CPU.Build.0 = Debug|Any CPU
		{C78C7DDB-DF70-4522-906A-90ABD54FAFBE}.Release|Any CPU.ActiveCfg = Release|Any CPU
		{C78C7DDB-DF70-4522-906A-90ABD54FAFBE}.Release|Any CPU.Build.0 = Release|Any CPU
	EndGlobalSection
	GlobalSection(SolutionProperties) = preSolution
		HideSolutionNode = FALSE
	EndGlobalSection
	GlobalSection(ExtensibilityGlobals) = postSolution
		SolutionGuid = {D3C811B1-D139-4A5D-A5A3-09D9BA29886F}
	EndGlobalSection
EndGlobal
